// !$*UTF8*$!
{
	archiveVersion = 1;
	classes = {
	};
	objectVersion = 46;
	objects = {

/* Begin PBXBuildFile section */
		3A8A55DC3F69800F4BDA54F9 /* Pods_ImpulsivityOhmage.framework in Frameworks */ = {isa = PBXBuildFile; fileRef = EBAB392F0FB562BDBF3945A5 /* Pods_ImpulsivityOhmage.framework */; };
		BCF14CEF284FACBF39806E0C /* Pods_ImpulsivityOhmageTests.framework in Frameworks */ = {isa = PBXBuildFile; fileRef = F8B4E4AB596330E55A437F6A /* Pods_ImpulsivityOhmageTests.framework */; };
		E2021BF41E3E68AC005B7E07 /* Onboarding.storyboard in Resources */ = {isa = PBXBuildFile; fileRef = E2021BF31E3E68AC005B7E07 /* Onboarding.storyboard */; };
		E2021BF61E3E6983005B7E07 /* CTFActivitiesViewController.swift in Sources */ = {isa = PBXBuildFile; fileRef = E2021BF51E3E6983005B7E07 /* CTFActivitiesViewController.swift */; };
		E2021BF81E3E698E005B7E07 /* CTFSettingsViewController.swift in Sources */ = {isa = PBXBuildFile; fileRef = E2021BF71E3E698E005B7E07 /* CTFSettingsViewController.swift */; };
		E2021BFA1E3E69DA005B7E07 /* CTFOnboardingViewController.swift in Sources */ = {isa = PBXBuildFile; fileRef = E2021BF91E3E69DA005B7E07 /* CTFOnboardingViewController.swift */; };
		E2021BFC1E3E6B23005B7E07 /* CTFTaskBuilderManager.swift in Sources */ = {isa = PBXBuildFile; fileRef = E2021BFB1E3E6B23005B7E07 /* CTFTaskBuilderManager.swift */; };
		E2021BFE1E3E6ED6005B7E07 /* ImpulsivityConsentSample.swift in Sources */ = {isa = PBXBuildFile; fileRef = E2021BFD1E3E6ED6005B7E07 /* ImpulsivityConsentSample.swift */; };
		E2021C001E3E8F3D005B7E07 /* CTFAppState.swift in Sources */ = {isa = PBXBuildFile; fileRef = E2021BFF1E3E8F3D005B7E07 /* CTFAppState.swift */; };
		E208AB481E50E6F5003CE02B /* settings_test.json in Resources */ = {isa = PBXBuildFile; fileRef = E208AB471E50E6F5003CE02B /* settings_test.json */; };
		E208AB4A1E50E766003CE02B /* morning_notification.json in Resources */ = {isa = PBXBuildFile; fileRef = E208AB491E50E766003CE02B /* morning_notification.json */; };
		E208AB4C1E50E873003CE02B /* CTFTimePickerStepGenerator.swift in Sources */ = {isa = PBXBuildFile; fileRef = E208AB4B1E50E873003CE02B /* CTFTimePickerStepGenerator.swift */; };
		E208AB4E1E50EBF7003CE02B /* CTFElementListWithBindingDescriptor.swift in Sources */ = {isa = PBXBuildFile; fileRef = E208AB4D1E50EBF7003CE02B /* CTFElementListWithBindingDescriptor.swift */; };
		E208AB501E50EDCC003CE02B /* CTFElementListWithBindingGenerator.swift in Sources */ = {isa = PBXBuildFile; fileRef = E208AB4F1E50EDCC003CE02B /* CTFElementListWithBindingGenerator.swift */; };
		E208AB531E50FBE5003CE02B /* CTFActionDescriptor.swift in Sources */ = {isa = PBXBuildFile; fileRef = E208AB521E50FBE5003CE02B /* CTFActionDescriptor.swift */; };
		E208AB551E50FCCA003CE02B /* CTFActionProcessor.swift in Sources */ = {isa = PBXBuildFile; fileRef = E208AB541E50FCCA003CE02B /* CTFActionProcessor.swift */; };
		E208AB571E50FCF6003CE02B /* CTFActionCreator.swift in Sources */ = {isa = PBXBuildFile; fileRef = E208AB561E50FCF6003CE02B /* CTFActionCreator.swift */; };
		E208AB591E50FEF5003CE02B /* CTFReduxStoreManager.swift in Sources */ = {isa = PBXBuildFile; fileRef = E208AB581E50FEF5003CE02B /* CTFReduxStoreManager.swift */; };
		E208AB5B1E510096003CE02B /* CTFActivityRun.swift in Sources */ = {isa = PBXBuildFile; fileRef = E208AB5A1E510096003CE02B /* CTFActivityRun.swift */; };
		E20D5C3F1E5FC456006655E8 /* RSSimonSaysStepDescriptor.swift in Sources */ = {isa = PBXBuildFile; fileRef = E20D5C3E1E5FC456006655E8 /* RSSimonSaysStepDescriptor.swift */; };
		E20D5C411E5FC577006655E8 /* RSSimonSaysStepGenerator.swift in Sources */ = {isa = PBXBuildFile; fileRef = E20D5C401E5FC577006655E8 /* RSSimonSaysStepGenerator.swift */; };
		E20D5C431E5FCC3C006655E8 /* RSSimonSaysStep.swift in Sources */ = {isa = PBXBuildFile; fileRef = E20D5C421E5FCC3C006655E8 /* RSSimonSaysStep.swift */; };
		E20D5C461E5FCD74006655E8 /* RSSimonSaysStepViewController.swift in Sources */ = {isa = PBXBuildFile; fileRef = E20D5C441E5FCD74006655E8 /* RSSimonSaysStepViewController.swift */; };
		E20D5C471E5FCD74006655E8 /* RSSimonSaysStepViewController.xib in Resources */ = {isa = PBXBuildFile; fileRef = E20D5C451E5FCD74006655E8 /* RSSimonSaysStepViewController.xib */; };
		E20D5C4A1E5FCEA9006655E8 /* RSSimonSaysTrial.swift in Sources */ = {isa = PBXBuildFile; fileRef = E20D5C491E5FCEA9006655E8 /* RSSimonSaysTrial.swift */; };
		E20D5C4C1E5FCF66006655E8 /* RSSimonSaysTrialResult.swift in Sources */ = {isa = PBXBuildFile; fileRef = E20D5C4B1E5FCF66006655E8 /* RSSimonSaysTrialResult.swift */; };
		E20D5C4E1E5FD051006655E8 /* RSSimonSaysResult.swift in Sources */ = {isa = PBXBuildFile; fileRef = E20D5C4D1E5FD051006655E8 /* RSSimonSaysResult.swift */; };
		E20D5C501E607BC4006655E8 /* RSSimonSaysGestureRecognizer.swift in Sources */ = {isa = PBXBuildFile; fileRef = E20D5C4F1E607BC4006655E8 /* RSSimonSaysGestureRecognizer.swift */; };
		E20D5C521E608313006655E8 /* RSSimonToneGenerator.swift in Sources */ = {isa = PBXBuildFile; fileRef = E20D5C511E608313006655E8 /* RSSimonToneGenerator.swift */; };
		E218C8AD1E4FCE9800DBA342 /* CTFTabBarController.swift in Sources */ = {isa = PBXBuildFile; fileRef = E218C8AC1E4FCE9800DBA342 /* CTFTabBarController.swift */; };
		E218C8AF1E4FCFE400DBA342 /* CTFAppConfigPage.swift in Sources */ = {isa = PBXBuildFile; fileRef = E218C8AE1E4FCFE400DBA342 /* CTFAppConfigPage.swift */; };
		E218C8B11E4FD06D00DBA342 /* CTFAppConfig.swift in Sources */ = {isa = PBXBuildFile; fileRef = E218C8B01E4FD06D00DBA342 /* CTFAppConfig.swift */; };
		E218C8B31E4FD5CC00DBA342 /* appConfig.json in Resources */ = {isa = PBXBuildFile; fileRef = E218C8B21E4FD5CC00DBA342 /* appConfig.json */; };
		E218C8B71E4FDEB400DBA342 /* CTFTaskViewController.swift in Sources */ = {isa = PBXBuildFile; fileRef = E218C8B61E4FDEB300DBA342 /* CTFTaskViewController.swift */; };
		E2208AE91E4E8D4D0063D31F /* demographics.json in Resources */ = {isa = PBXBuildFile; fileRef = E2208AE81E4E8D4D0063D31F /* demographics.json */; };
		E2208AEB1E4E8F170063D31F /* surveys.json in Resources */ = {isa = PBXBuildFile; fileRef = E2208AEA1E4E8F170063D31F /* surveys.json */; };
		E2208AF11E4E9C410063D31F /* CTFRandomMultipleChoice.swift in Sources */ = {isa = PBXBuildFile; fileRef = E2208AF01E4E9C410063D31F /* CTFRandomMultipleChoice.swift */; };
		E2208AF31E4E9CF20063D31F /* Extensions.swift in Sources */ = {isa = PBXBuildFile; fileRef = E2208AF21E4E9CF20063D31F /* Extensions.swift */; };
		E2208AF51E4E9DBA0063D31F /* CTFMultipleChoice.swift in Sources */ = {isa = PBXBuildFile; fileRef = E2208AF41E4E9DBA0063D31F /* CTFMultipleChoice.swift */; };
		E2208AFE1E4F83C90063D31F /* DemographicsResult.swift in Sources */ = {isa = PBXBuildFile; fileRef = E2208AFD1E4F83C90063D31F /* DemographicsResult.swift */; };
		E2208B001E4F83E50063D31F /* DemographicsResultTransformer.swift in Sources */ = {isa = PBXBuildFile; fileRef = E2208AFF1E4F83E50063D31F /* DemographicsResultTransformer.swift */; };
		E2208B021E4F8C360063D31F /* DemographicsResult+OMHDatapoint.swift in Sources */ = {isa = PBXBuildFile; fileRef = E2208B011E4F8C360063D31F /* DemographicsResult+OMHDatapoint.swift */; };
		E2266F751E521F1700169E85 /* baseline-DD.json in Resources */ = {isa = PBXBuildFile; fileRef = E2266F731E521F1700169E85 /* baseline-DD.json */; };
		E2266F761E521F1700169E85 /* baseline.json in Resources */ = {isa = PBXBuildFile; fileRef = E2266F741E521F1700169E85 /* baseline.json */; };
		E2A89A431E4E4B60003EF895 /* CTFResultsProcessorManager.swift in Sources */ = {isa = PBXBuildFile; fileRef = E2A89A421E4E4B60003EF895 /* CTFResultsProcessorManager.swift */; };
		E2A9D54F1E3E9AE7000B4626 /* ConsentStepGenerator.swift in Sources */ = {isa = PBXBuildFile; fileRef = E2A9D54E1E3E9AE7000B4626 /* ConsentStepGenerator.swift */; };
		E2A9D55D1E3EAE84000B4626 /* CTFScheduleItem.swift in Sources */ = {isa = PBXBuildFile; fileRef = E2A9D55C1E3EAE84000B4626 /* CTFScheduleItem.swift */; };
		E2A9D55F1E3EB06E000B4626 /* CTFSchedule.swift in Sources */ = {isa = PBXBuildFile; fileRef = E2A9D55E1E3EB06E000B4626 /* CTFSchedule.swift */; };
		E2A9D5631E3EB4FD000B4626 /* activities.json in Resources */ = {isa = PBXBuildFile; fileRef = E2A9D5601E3EB4FD000B4626 /* activities.json */; };
		E2A9D5641E3EB4FD000B4626 /* go_no_go_stable_stimulus_short_task.json in Resources */ = {isa = PBXBuildFile; fileRef = E2A9D5611E3EB4FD000B4626 /* go_no_go_stable_stimulus_short_task.json */; };
		E2A9D5651E3EB4FD000B4626 /* go_no_go_variable_stimulus_short_task.json in Resources */ = {isa = PBXBuildFile; fileRef = E2A9D5621E3EB4FD000B4626 /* go_no_go_variable_stimulus_short_task.json */; };
		E2A9D56C1E3EBE8D000B4626 /* bart_25_cents_short_task.json in Resources */ = {isa = PBXBuildFile; fileRef = E2A9D5661E3EBE8D000B4626 /* bart_25_cents_short_task.json */; };
		E2A9D56D1E3EBE8D000B4626 /* bart_250_dollars_short_task.json in Resources */ = {isa = PBXBuildFile; fileRef = E2A9D5671E3EBE8D000B4626 /* bart_250_dollars_short_task.json */; };
		E2A9D56E1E3EBE8D000B4626 /* dd_money_1_month_short_task.json in Resources */ = {isa = PBXBuildFile; fileRef = E2A9D5681E3EBE8D000B4626 /* dd_money_1_month_short_task.json */; };
		E2A9D56F1E3EBE8D000B4626 /* dd_money_6_month_short_task.json in Resources */ = {isa = PBXBuildFile; fileRef = E2A9D5691E3EBE8D000B4626 /* dd_money_6_month_short_task.json */; };
		E2A9D5701E3EBE8D000B4626 /* dd_time_1_month_short_task.json in Resources */ = {isa = PBXBuildFile; fileRef = E2A9D56A1E3EBE8D000B4626 /* dd_time_1_month_short_task.json */; };
		E2A9D5711E3EBE8D000B4626 /* dd_time_6_month_short_task.json in Resources */ = {isa = PBXBuildFile; fileRef = E2A9D56B1E3EBE8D000B4626 /* dd_time_6_month_short_task.json */; };
		E2C9AEB91E3AFC8400E9F871 /* AppDelegate.swift in Sources */ = {isa = PBXBuildFile; fileRef = E2C9AEB81E3AFC8400E9F871 /* AppDelegate.swift */; };
		E2C9AEBE1E3AFC8400E9F871 /* Main.storyboard in Resources */ = {isa = PBXBuildFile; fileRef = E2C9AEBC1E3AFC8400E9F871 /* Main.storyboard */; };
		E2C9AEC01E3AFC8400E9F871 /* Assets.xcassets in Resources */ = {isa = PBXBuildFile; fileRef = E2C9AEBF1E3AFC8400E9F871 /* Assets.xcassets */; };
		E2C9AEC31E3AFC8400E9F871 /* LaunchScreen.storyboard in Resources */ = {isa = PBXBuildFile; fileRef = E2C9AEC11E3AFC8400E9F871 /* LaunchScreen.storyboard */; };
		E2C9AECE1E3AFC8400E9F871 /* ImpulsivityOhmageTests.swift in Sources */ = {isa = PBXBuildFile; fileRef = E2C9AECD1E3AFC8400E9F871 /* ImpulsivityOhmageTests.swift */; };
		E2C9AEDA1E3AFF8700E9F871 /* OMHClient.plist in Resources */ = {isa = PBXBuildFile; fileRef = E2C9AED91E3AFF8700E9F871 /* OMHClient.plist */; };
		E2C9AEDC1E3B021800E9F871 /* OhmageCredentialStore.swift in Sources */ = {isa = PBXBuildFile; fileRef = E2C9AEDB1E3B021800E9F871 /* OhmageCredentialStore.swift */; };
		E2C9AEE71E3B052300E9F871 /* LogManager.swift in Sources */ = {isa = PBXBuildFile; fileRef = E2C9AEE61E3B052300E9F871 /* LogManager.swift */; };
/* End PBXBuildFile section */

/* Begin PBXContainerItemProxy section */
		E2C9AECA1E3AFC8400E9F871 /* PBXContainerItemProxy */ = {
			isa = PBXContainerItemProxy;
			containerPortal = E2C9AEAD1E3AFC8400E9F871 /* Project object */;
			proxyType = 1;
			remoteGlobalIDString = E2C9AEB41E3AFC8400E9F871;
			remoteInfo = ImpulsivityOhmage;
		};
/* End PBXContainerItemProxy section */

/* Begin PBXFileReference section */
		003D28DA32B58C63AF7ACC60 /* Pods-ImpulsivityOhmage.debug.xcconfig */ = {isa = PBXFileReference; includeInIndex = 1; lastKnownFileType = text.xcconfig; name = "Pods-ImpulsivityOhmage.debug.xcconfig"; path = "Pods/Target Support Files/Pods-ImpulsivityOhmage/Pods-ImpulsivityOhmage.debug.xcconfig"; sourceTree = "<group>"; };
		3B3065FC7C4F4B513C49DFEB /* Pods-ImpulsivityOhmageTests.release.xcconfig */ = {isa = PBXFileReference; includeInIndex = 1; lastKnownFileType = text.xcconfig; name = "Pods-ImpulsivityOhmageTests.release.xcconfig"; path = "Pods/Target Support Files/Pods-ImpulsivityOhmageTests/Pods-ImpulsivityOhmageTests.release.xcconfig"; sourceTree = "<group>"; };
		71F0610AD9625BDF8B5B4F81 /* Pods-ImpulsivityOhmageTests.debug.xcconfig */ = {isa = PBXFileReference; includeInIndex = 1; lastKnownFileType = text.xcconfig; name = "Pods-ImpulsivityOhmageTests.debug.xcconfig"; path = "Pods/Target Support Files/Pods-ImpulsivityOhmageTests/Pods-ImpulsivityOhmageTests.debug.xcconfig"; sourceTree = "<group>"; };
		77DCE47493A8854B49A7A57B /* Pods-ImpulsivityOhmage.release.xcconfig */ = {isa = PBXFileReference; includeInIndex = 1; lastKnownFileType = text.xcconfig; name = "Pods-ImpulsivityOhmage.release.xcconfig"; path = "Pods/Target Support Files/Pods-ImpulsivityOhmage/Pods-ImpulsivityOhmage.release.xcconfig"; sourceTree = "<group>"; };
		E2021BF31E3E68AC005B7E07 /* Onboarding.storyboard */ = {isa = PBXFileReference; fileEncoding = 4; lastKnownFileType = file.storyboard; path = Onboarding.storyboard; sourceTree = "<group>"; };
		E2021BF51E3E6983005B7E07 /* CTFActivitiesViewController.swift */ = {isa = PBXFileReference; fileEncoding = 4; lastKnownFileType = sourcecode.swift; path = CTFActivitiesViewController.swift; sourceTree = "<group>"; };
		E2021BF71E3E698E005B7E07 /* CTFSettingsViewController.swift */ = {isa = PBXFileReference; fileEncoding = 4; lastKnownFileType = sourcecode.swift; path = CTFSettingsViewController.swift; sourceTree = "<group>"; };
		E2021BF91E3E69DA005B7E07 /* CTFOnboardingViewController.swift */ = {isa = PBXFileReference; fileEncoding = 4; lastKnownFileType = sourcecode.swift; path = CTFOnboardingViewController.swift; sourceTree = "<group>"; };
		E2021BFB1E3E6B23005B7E07 /* CTFTaskBuilderManager.swift */ = {isa = PBXFileReference; fileEncoding = 4; lastKnownFileType = sourcecode.swift; path = CTFTaskBuilderManager.swift; sourceTree = "<group>"; };
		E2021BFD1E3E6ED6005B7E07 /* ImpulsivityConsentSample.swift */ = {isa = PBXFileReference; fileEncoding = 4; lastKnownFileType = sourcecode.swift; path = ImpulsivityConsentSample.swift; sourceTree = "<group>"; };
		E2021BFF1E3E8F3D005B7E07 /* CTFAppState.swift */ = {isa = PBXFileReference; fileEncoding = 4; lastKnownFileType = sourcecode.swift; path = CTFAppState.swift; sourceTree = "<group>"; };
		E208AB471E50E6F5003CE02B /* settings_test.json */ = {isa = PBXFileReference; fileEncoding = 4; lastKnownFileType = text.json; path = settings_test.json; sourceTree = "<group>"; };
		E208AB491E50E766003CE02B /* morning_notification.json */ = {isa = PBXFileReference; fileEncoding = 4; lastKnownFileType = text.json; path = morning_notification.json; sourceTree = "<group>"; };
		E208AB4B1E50E873003CE02B /* CTFTimePickerStepGenerator.swift */ = {isa = PBXFileReference; fileEncoding = 4; lastKnownFileType = sourcecode.swift; path = CTFTimePickerStepGenerator.swift; sourceTree = "<group>"; };
		E208AB4D1E50EBF7003CE02B /* CTFElementListWithBindingDescriptor.swift */ = {isa = PBXFileReference; fileEncoding = 4; lastKnownFileType = sourcecode.swift; path = CTFElementListWithBindingDescriptor.swift; sourceTree = "<group>"; };
		E208AB4F1E50EDCC003CE02B /* CTFElementListWithBindingGenerator.swift */ = {isa = PBXFileReference; fileEncoding = 4; lastKnownFileType = sourcecode.swift; path = CTFElementListWithBindingGenerator.swift; sourceTree = "<group>"; };
		E208AB521E50FBE5003CE02B /* CTFActionDescriptor.swift */ = {isa = PBXFileReference; fileEncoding = 4; lastKnownFileType = sourcecode.swift; path = CTFActionDescriptor.swift; sourceTree = "<group>"; };
		E208AB541E50FCCA003CE02B /* CTFActionProcessor.swift */ = {isa = PBXFileReference; fileEncoding = 4; lastKnownFileType = sourcecode.swift; path = CTFActionProcessor.swift; sourceTree = "<group>"; };
		E208AB561E50FCF6003CE02B /* CTFActionCreator.swift */ = {isa = PBXFileReference; fileEncoding = 4; lastKnownFileType = sourcecode.swift; path = CTFActionCreator.swift; sourceTree = "<group>"; };
		E208AB581E50FEF5003CE02B /* CTFReduxStoreManager.swift */ = {isa = PBXFileReference; fileEncoding = 4; lastKnownFileType = sourcecode.swift; path = CTFReduxStoreManager.swift; sourceTree = "<group>"; };
		E208AB5A1E510096003CE02B /* CTFActivityRun.swift */ = {isa = PBXFileReference; fileEncoding = 4; lastKnownFileType = sourcecode.swift; path = CTFActivityRun.swift; sourceTree = "<group>"; };
		E20D5C3E1E5FC456006655E8 /* RSSimonSaysStepDescriptor.swift */ = {isa = PBXFileReference; fileEncoding = 4; lastKnownFileType = sourcecode.swift; path = RSSimonSaysStepDescriptor.swift; sourceTree = "<group>"; };
		E20D5C401E5FC577006655E8 /* RSSimonSaysStepGenerator.swift */ = {isa = PBXFileReference; fileEncoding = 4; lastKnownFileType = sourcecode.swift; path = RSSimonSaysStepGenerator.swift; sourceTree = "<group>"; };
		E20D5C421E5FCC3C006655E8 /* RSSimonSaysStep.swift */ = {isa = PBXFileReference; fileEncoding = 4; lastKnownFileType = sourcecode.swift; path = RSSimonSaysStep.swift; sourceTree = "<group>"; };
		E20D5C441E5FCD74006655E8 /* RSSimonSaysStepViewController.swift */ = {isa = PBXFileReference; fileEncoding = 4; lastKnownFileType = sourcecode.swift; path = RSSimonSaysStepViewController.swift; sourceTree = "<group>"; };
		E20D5C451E5FCD74006655E8 /* RSSimonSaysStepViewController.xib */ = {isa = PBXFileReference; fileEncoding = 4; lastKnownFileType = file.xib; path = RSSimonSaysStepViewController.xib; sourceTree = "<group>"; };
		E20D5C491E5FCEA9006655E8 /* RSSimonSaysTrial.swift */ = {isa = PBXFileReference; fileEncoding = 4; lastKnownFileType = sourcecode.swift; path = RSSimonSaysTrial.swift; sourceTree = "<group>"; };
		E20D5C4B1E5FCF66006655E8 /* RSSimonSaysTrialResult.swift */ = {isa = PBXFileReference; fileEncoding = 4; lastKnownFileType = sourcecode.swift; path = RSSimonSaysTrialResult.swift; sourceTree = "<group>"; };
		E20D5C4D1E5FD051006655E8 /* RSSimonSaysResult.swift */ = {isa = PBXFileReference; fileEncoding = 4; lastKnownFileType = sourcecode.swift; path = RSSimonSaysResult.swift; sourceTree = "<group>"; };
		E20D5C4F1E607BC4006655E8 /* RSSimonSaysGestureRecognizer.swift */ = {isa = PBXFileReference; fileEncoding = 4; lastKnownFileType = sourcecode.swift; path = RSSimonSaysGestureRecognizer.swift; sourceTree = "<group>"; };
		E20D5C511E608313006655E8 /* RSSimonToneGenerator.swift */ = {isa = PBXFileReference; fileEncoding = 4; lastKnownFileType = sourcecode.swift; path = RSSimonToneGenerator.swift; sourceTree = "<group>"; };
		E218C8AC1E4FCE9800DBA342 /* CTFTabBarController.swift */ = {isa = PBXFileReference; fileEncoding = 4; lastKnownFileType = sourcecode.swift; path = CTFTabBarController.swift; sourceTree = "<group>"; };
		E218C8AE1E4FCFE400DBA342 /* CTFAppConfigPage.swift */ = {isa = PBXFileReference; fileEncoding = 4; lastKnownFileType = sourcecode.swift; path = CTFAppConfigPage.swift; sourceTree = "<group>"; };
		E218C8B01E4FD06D00DBA342 /* CTFAppConfig.swift */ = {isa = PBXFileReference; fileEncoding = 4; lastKnownFileType = sourcecode.swift; path = CTFAppConfig.swift; sourceTree = "<group>"; };
		E218C8B21E4FD5CC00DBA342 /* appConfig.json */ = {isa = PBXFileReference; fileEncoding = 4; lastKnownFileType = text.json; path = appConfig.json; sourceTree = "<group>"; };
		E218C8B61E4FDEB300DBA342 /* CTFTaskViewController.swift */ = {isa = PBXFileReference; fileEncoding = 4; lastKnownFileType = sourcecode.swift; path = CTFTaskViewController.swift; sourceTree = "<group>"; };
		E2208AE81E4E8D4D0063D31F /* demographics.json */ = {isa = PBXFileReference; fileEncoding = 4; lastKnownFileType = text.json; path = demographics.json; sourceTree = "<group>"; };
		E2208AEA1E4E8F170063D31F /* surveys.json */ = {isa = PBXFileReference; fileEncoding = 4; lastKnownFileType = text.json; path = surveys.json; sourceTree = "<group>"; };
		E2208AF01E4E9C410063D31F /* CTFRandomMultipleChoice.swift */ = {isa = PBXFileReference; fileEncoding = 4; lastKnownFileType = sourcecode.swift; path = CTFRandomMultipleChoice.swift; sourceTree = "<group>"; };
		E2208AF21E4E9CF20063D31F /* Extensions.swift */ = {isa = PBXFileReference; fileEncoding = 4; lastKnownFileType = sourcecode.swift; path = Extensions.swift; sourceTree = "<group>"; };
		E2208AF41E4E9DBA0063D31F /* CTFMultipleChoice.swift */ = {isa = PBXFileReference; fileEncoding = 4; lastKnownFileType = sourcecode.swift; path = CTFMultipleChoice.swift; sourceTree = "<group>"; };
		E2208AFD1E4F83C90063D31F /* DemographicsResult.swift */ = {isa = PBXFileReference; fileEncoding = 4; lastKnownFileType = sourcecode.swift; path = DemographicsResult.swift; sourceTree = "<group>"; };
		E2208AFF1E4F83E50063D31F /* DemographicsResultTransformer.swift */ = {isa = PBXFileReference; fileEncoding = 4; lastKnownFileType = sourcecode.swift; path = DemographicsResultTransformer.swift; sourceTree = "<group>"; };
		E2208B011E4F8C360063D31F /* DemographicsResult+OMHDatapoint.swift */ = {isa = PBXFileReference; fileEncoding = 4; lastKnownFileType = sourcecode.swift; path = "DemographicsResult+OMHDatapoint.swift"; sourceTree = "<group>"; };
		E2266F731E521F1700169E85 /* baseline-DD.json */ = {isa = PBXFileReference; fileEncoding = 4; lastKnownFileType = text.json; path = "baseline-DD.json"; sourceTree = "<group>"; };
		E2266F741E521F1700169E85 /* baseline.json */ = {isa = PBXFileReference; fileEncoding = 4; lastKnownFileType = text.json; path = baseline.json; sourceTree = "<group>"; };
		E2A89A421E4E4B60003EF895 /* CTFResultsProcessorManager.swift */ = {isa = PBXFileReference; fileEncoding = 4; lastKnownFileType = sourcecode.swift; path = CTFResultsProcessorManager.swift; sourceTree = "<group>"; };
		E2A9D54E1E3E9AE7000B4626 /* ConsentStepGenerator.swift */ = {isa = PBXFileReference; fileEncoding = 4; lastKnownFileType = sourcecode.swift; path = ConsentStepGenerator.swift; sourceTree = "<group>"; };
		E2A9D55C1E3EAE84000B4626 /* CTFScheduleItem.swift */ = {isa = PBXFileReference; fileEncoding = 4; lastKnownFileType = sourcecode.swift; path = CTFScheduleItem.swift; sourceTree = "<group>"; };
		E2A9D55E1E3EB06E000B4626 /* CTFSchedule.swift */ = {isa = PBXFileReference; fileEncoding = 4; lastKnownFileType = sourcecode.swift; path = CTFSchedule.swift; sourceTree = "<group>"; };
		E2A9D5601E3EB4FD000B4626 /* activities.json */ = {isa = PBXFileReference; fileEncoding = 4; lastKnownFileType = text.json; path = activities.json; sourceTree = "<group>"; };
		E2A9D5611E3EB4FD000B4626 /* go_no_go_stable_stimulus_short_task.json */ = {isa = PBXFileReference; fileEncoding = 4; lastKnownFileType = text.json; path = go_no_go_stable_stimulus_short_task.json; sourceTree = "<group>"; };
		E2A9D5621E3EB4FD000B4626 /* go_no_go_variable_stimulus_short_task.json */ = {isa = PBXFileReference; fileEncoding = 4; lastKnownFileType = text.json; path = go_no_go_variable_stimulus_short_task.json; sourceTree = "<group>"; };
		E2A9D5661E3EBE8D000B4626 /* bart_25_cents_short_task.json */ = {isa = PBXFileReference; fileEncoding = 4; lastKnownFileType = text.json; path = bart_25_cents_short_task.json; sourceTree = "<group>"; };
		E2A9D5671E3EBE8D000B4626 /* bart_250_dollars_short_task.json */ = {isa = PBXFileReference; fileEncoding = 4; lastKnownFileType = text.json; path = bart_250_dollars_short_task.json; sourceTree = "<group>"; };
		E2A9D5681E3EBE8D000B4626 /* dd_money_1_month_short_task.json */ = {isa = PBXFileReference; fileEncoding = 4; lastKnownFileType = text.json; path = dd_money_1_month_short_task.json; sourceTree = "<group>"; };
		E2A9D5691E3EBE8D000B4626 /* dd_money_6_month_short_task.json */ = {isa = PBXFileReference; fileEncoding = 4; lastKnownFileType = text.json; path = dd_money_6_month_short_task.json; sourceTree = "<group>"; };
		E2A9D56A1E3EBE8D000B4626 /* dd_time_1_month_short_task.json */ = {isa = PBXFileReference; fileEncoding = 4; lastKnownFileType = text.json; path = dd_time_1_month_short_task.json; sourceTree = "<group>"; };
		E2A9D56B1E3EBE8D000B4626 /* dd_time_6_month_short_task.json */ = {isa = PBXFileReference; fileEncoding = 4; lastKnownFileType = text.json; path = dd_time_6_month_short_task.json; sourceTree = "<group>"; };
		E2C9AEB51E3AFC8400E9F871 /* ImpulsivityOhmage.app */ = {isa = PBXFileReference; explicitFileType = wrapper.application; includeInIndex = 0; path = ImpulsivityOhmage.app; sourceTree = BUILT_PRODUCTS_DIR; };
		E2C9AEB81E3AFC8400E9F871 /* AppDelegate.swift */ = {isa = PBXFileReference; lastKnownFileType = sourcecode.swift; path = AppDelegate.swift; sourceTree = "<group>"; };
		E2C9AEBD1E3AFC8400E9F871 /* Base */ = {isa = PBXFileReference; lastKnownFileType = file.storyboard; name = Base; path = Base.lproj/Main.storyboard; sourceTree = "<group>"; };
		E2C9AEBF1E3AFC8400E9F871 /* Assets.xcassets */ = {isa = PBXFileReference; lastKnownFileType = folder.assetcatalog; path = Assets.xcassets; sourceTree = "<group>"; };
		E2C9AEC21E3AFC8400E9F871 /* Base */ = {isa = PBXFileReference; lastKnownFileType = file.storyboard; name = Base; path = Base.lproj/LaunchScreen.storyboard; sourceTree = "<group>"; };
		E2C9AEC41E3AFC8400E9F871 /* Info.plist */ = {isa = PBXFileReference; lastKnownFileType = text.plist.xml; path = Info.plist; sourceTree = "<group>"; };
		E2C9AEC91E3AFC8400E9F871 /* ImpulsivityOhmageTests.xctest */ = {isa = PBXFileReference; explicitFileType = wrapper.cfbundle; includeInIndex = 0; path = ImpulsivityOhmageTests.xctest; sourceTree = BUILT_PRODUCTS_DIR; };
		E2C9AECD1E3AFC8400E9F871 /* ImpulsivityOhmageTests.swift */ = {isa = PBXFileReference; lastKnownFileType = sourcecode.swift; path = ImpulsivityOhmageTests.swift; sourceTree = "<group>"; };
		E2C9AECF1E3AFC8400E9F871 /* Info.plist */ = {isa = PBXFileReference; lastKnownFileType = text.plist.xml; path = Info.plist; sourceTree = "<group>"; };
		E2C9AED91E3AFF8700E9F871 /* OMHClient.plist */ = {isa = PBXFileReference; fileEncoding = 4; lastKnownFileType = text.plist.xml; path = OMHClient.plist; sourceTree = "<group>"; };
		E2C9AEDB1E3B021800E9F871 /* OhmageCredentialStore.swift */ = {isa = PBXFileReference; fileEncoding = 4; lastKnownFileType = sourcecode.swift; path = OhmageCredentialStore.swift; sourceTree = "<group>"; };
		E2C9AEE61E3B052300E9F871 /* LogManager.swift */ = {isa = PBXFileReference; fileEncoding = 4; lastKnownFileType = sourcecode.swift; path = LogManager.swift; sourceTree = "<group>"; };
		EBAB392F0FB562BDBF3945A5 /* Pods_ImpulsivityOhmage.framework */ = {isa = PBXFileReference; explicitFileType = wrapper.framework; includeInIndex = 0; path = Pods_ImpulsivityOhmage.framework; sourceTree = BUILT_PRODUCTS_DIR; };
		F8B4E4AB596330E55A437F6A /* Pods_ImpulsivityOhmageTests.framework */ = {isa = PBXFileReference; explicitFileType = wrapper.framework; includeInIndex = 0; path = Pods_ImpulsivityOhmageTests.framework; sourceTree = BUILT_PRODUCTS_DIR; };
/* End PBXFileReference section */

/* Begin PBXFrameworksBuildPhase section */
		E2C9AEB21E3AFC8400E9F871 /* Frameworks */ = {
			isa = PBXFrameworksBuildPhase;
			buildActionMask = 2147483647;
			files = (
				3A8A55DC3F69800F4BDA54F9 /* Pods_ImpulsivityOhmage.framework in Frameworks */,
			);
			runOnlyForDeploymentPostprocessing = 0;
		};
		E2C9AEC61E3AFC8400E9F871 /* Frameworks */ = {
			isa = PBXFrameworksBuildPhase;
			buildActionMask = 2147483647;
			files = (
				BCF14CEF284FACBF39806E0C /* Pods_ImpulsivityOhmageTests.framework in Frameworks */,
			);
			runOnlyForDeploymentPostprocessing = 0;
		};
/* End PBXFrameworksBuildPhase section */

/* Begin PBXGroup section */
		654A936BA35E7CB25A94EB66 /* Frameworks */ = {
			isa = PBXGroup;
			children = (
				EBAB392F0FB562BDBF3945A5 /* Pods_ImpulsivityOhmage.framework */,
				F8B4E4AB596330E55A437F6A /* Pods_ImpulsivityOhmageTests.framework */,
			);
			name = Frameworks;
			sourceTree = "<group>";
		};
		E2021BE81E3E5979005B7E07 /* Resources */ = {
			isa = PBXGroup;
			children = (
				E2A9D5601E3EB4FD000B4626 /* activities.json */,
				E2208AEA1E4E8F170063D31F /* surveys.json */,
				E218C8B21E4FD5CC00DBA342 /* appConfig.json */,
				E208AB471E50E6F5003CE02B /* settings_test.json */,
				E208AB491E50E766003CE02B /* morning_notification.json */,
				E2A9D5661E3EBE8D000B4626 /* bart_25_cents_short_task.json */,
				E2A9D5671E3EBE8D000B4626 /* bart_250_dollars_short_task.json */,
				E2A9D5681E3EBE8D000B4626 /* dd_money_1_month_short_task.json */,
				E2A9D5691E3EBE8D000B4626 /* dd_money_6_month_short_task.json */,
				E2A9D56A1E3EBE8D000B4626 /* dd_time_1_month_short_task.json */,
				E2A9D56B1E3EBE8D000B4626 /* dd_time_6_month_short_task.json */,
				E2A9D5611E3EB4FD000B4626 /* go_no_go_stable_stimulus_short_task.json */,
				E2A9D5621E3EB4FD000B4626 /* go_no_go_variable_stimulus_short_task.json */,
				E2208AE81E4E8D4D0063D31F /* demographics.json */,
				E2266F731E521F1700169E85 /* baseline-DD.json */,
				E2266F741E521F1700169E85 /* baseline.json */,
			);
			name = Resources;
			sourceTree = "<group>";
		};
		E2021BF21E3E66F8005B7E07 /* Storyboards */ = {
			isa = PBXGroup;
			children = (
				E2C9AEBC1E3AFC8400E9F871 /* Main.storyboard */,
				E2021BF31E3E68AC005B7E07 /* Onboarding.storyboard */,
			);
			name = Storyboards;
			sourceTree = "<group>";
		};
		E208AB511E50FB61003CE02B /* Actions */ = {
			isa = PBXGroup;
			children = (
				E208AB581E50FEF5003CE02B /* CTFReduxStoreManager.swift */,
				E208AB521E50FBE5003CE02B /* CTFActionDescriptor.swift */,
				E208AB561E50FCF6003CE02B /* CTFActionCreator.swift */,
				E208AB541E50FCCA003CE02B /* CTFActionProcessor.swift */,
				E208AB5A1E510096003CE02B /* CTFActivityRun.swift */,
			);
			name = Actions;
			sourceTree = "<group>";
		};
		E20D5C3D1E5FC14D006655E8 /* SimonSays */ = {
			isa = PBXGroup;
			children = (
				E20D5C3E1E5FC456006655E8 /* RSSimonSaysStepDescriptor.swift */,
				E20D5C401E5FC577006655E8 /* RSSimonSaysStepGenerator.swift */,
				E20D5C421E5FCC3C006655E8 /* RSSimonSaysStep.swift */,
				E20D5C491E5FCEA9006655E8 /* RSSimonSaysTrial.swift */,
				E20D5C4B1E5FCF66006655E8 /* RSSimonSaysTrialResult.swift */,
				E20D5C4D1E5FD051006655E8 /* RSSimonSaysResult.swift */,
				E20D5C441E5FCD74006655E8 /* RSSimonSaysStepViewController.swift */,
				E20D5C4F1E607BC4006655E8 /* RSSimonSaysGestureRecognizer.swift */,
				E20D5C511E608313006655E8 /* RSSimonToneGenerator.swift */,
				E20D5C451E5FCD74006655E8 /* RSSimonSaysStepViewController.xib */,
			);
			name = SimonSays;
			sourceTree = "<group>";
		};
		E2208AFC1E4F838D0063D31F /* RSRP */ = {
			isa = PBXGroup;
			children = (
				E2208AFD1E4F83C90063D31F /* DemographicsResult.swift */,
				E2208B011E4F8C360063D31F /* DemographicsResult+OMHDatapoint.swift */,
				E2208AFF1E4F83E50063D31F /* DemographicsResultTransformer.swift */,
			);
			name = RSRP;
			sourceTree = "<group>";
		};
		E2A9D54D1E3E9AD7000B4626 /* RSTB */ = {
			isa = PBXGroup;
			children = (
				E2A9D54E1E3E9AE7000B4626 /* ConsentStepGenerator.swift */,
				E2208AF01E4E9C410063D31F /* CTFRandomMultipleChoice.swift */,
				E2208AF41E4E9DBA0063D31F /* CTFMultipleChoice.swift */,
				E208AB4B1E50E873003CE02B /* CTFTimePickerStepGenerator.swift */,
				E208AB4D1E50EBF7003CE02B /* CTFElementListWithBindingDescriptor.swift */,
				E208AB4F1E50EDCC003CE02B /* CTFElementListWithBindingGenerator.swift */,
			);
			name = RSTB;
			sourceTree = "<group>";
		};
		E2A9D55B1E3EAE69000B4626 /* Study Management */ = {
			isa = PBXGroup;
			children = (
				E2A9D55C1E3EAE84000B4626 /* CTFScheduleItem.swift */,
				E2A9D55E1E3EB06E000B4626 /* CTFSchedule.swift */,
				E218C8AE1E4FCFE400DBA342 /* CTFAppConfigPage.swift */,
				E218C8B01E4FD06D00DBA342 /* CTFAppConfig.swift */,
			);
			name = "Study Management";
			sourceTree = "<group>";
		};
		E2C9AEAC1E3AFC8400E9F871 = {
			isa = PBXGroup;
			children = (
				E2C9AEB71E3AFC8400E9F871 /* ImpulsivityOhmage */,
				E2C9AECC1E3AFC8400E9F871 /* ImpulsivityOhmageTests */,
				E2C9AEB61E3AFC8400E9F871 /* Products */,
				FDCB7909F8B2D189F7C9713E /* Pods */,
				654A936BA35E7CB25A94EB66 /* Frameworks */,
			);
			sourceTree = "<group>";
		};
		E2C9AEB61E3AFC8400E9F871 /* Products */ = {
			isa = PBXGroup;
			children = (
				E2C9AEB51E3AFC8400E9F871 /* ImpulsivityOhmage.app */,
				E2C9AEC91E3AFC8400E9F871 /* ImpulsivityOhmageTests.xctest */,
			);
			name = Products;
			sourceTree = "<group>";
		};
		E2C9AEB71E3AFC8400E9F871 /* ImpulsivityOhmage */ = {
			isa = PBXGroup;
			children = (
				E20D5C3D1E5FC14D006655E8 /* SimonSays */,
				E2C9AEB81E3AFC8400E9F871 /* AppDelegate.swift */,
				E2C9AEDB1E3B021800E9F871 /* OhmageCredentialStore.swift */,
				E2C9AEE61E3B052300E9F871 /* LogManager.swift */,
				E2021BF51E3E6983005B7E07 /* CTFActivitiesViewController.swift */,
				E218C8B61E4FDEB300DBA342 /* CTFTaskViewController.swift */,
				E2021BF71E3E698E005B7E07 /* CTFSettingsViewController.swift */,
				E2021BF91E3E69DA005B7E07 /* CTFOnboardingViewController.swift */,
				E2021BFB1E3E6B23005B7E07 /* CTFTaskBuilderManager.swift */,
				E2A89A421E4E4B60003EF895 /* CTFResultsProcessorManager.swift */,
				E218C8AC1E4FCE9800DBA342 /* CTFTabBarController.swift */,
				E2021BFD1E3E6ED6005B7E07 /* ImpulsivityConsentSample.swift */,
				E2021BFF1E3E8F3D005B7E07 /* CTFAppState.swift */,
				E2208AF21E4E9CF20063D31F /* Extensions.swift */,
				E208AB511E50FB61003CE02B /* Actions */,
				E2A9D55B1E3EAE69000B4626 /* Study Management */,
				E2A9D54D1E3E9AD7000B4626 /* RSTB */,
				E2208AFC1E4F838D0063D31F /* RSRP */,
				E2021BF21E3E66F8005B7E07 /* Storyboards */,
				E2021BE81E3E5979005B7E07 /* Resources */,
				E2C9AED81E3AFF6400E9F871 /* Supporting Files */,
			);
			path = ImpulsivityOhmage;
			sourceTree = "<group>";
		};
		E2C9AECC1E3AFC8400E9F871 /* ImpulsivityOhmageTests */ = {
			isa = PBXGroup;
			children = (
				E2C9AECD1E3AFC8400E9F871 /* ImpulsivityOhmageTests.swift */,
				E2C9AECF1E3AFC8400E9F871 /* Info.plist */,
			);
			path = ImpulsivityOhmageTests;
			sourceTree = "<group>";
		};
		E2C9AED81E3AFF6400E9F871 /* Supporting Files */ = {
			isa = PBXGroup;
			children = (
				E2C9AED91E3AFF8700E9F871 /* OMHClient.plist */,
				E2C9AEC41E3AFC8400E9F871 /* Info.plist */,
				E2C9AEC11E3AFC8400E9F871 /* LaunchScreen.storyboard */,
				E2C9AEBF1E3AFC8400E9F871 /* Assets.xcassets */,
			);
			name = "Supporting Files";
			sourceTree = "<group>";
		};
		FDCB7909F8B2D189F7C9713E /* Pods */ = {
			isa = PBXGroup;
			children = (
				003D28DA32B58C63AF7ACC60 /* Pods-ImpulsivityOhmage.debug.xcconfig */,
				77DCE47493A8854B49A7A57B /* Pods-ImpulsivityOhmage.release.xcconfig */,
				71F0610AD9625BDF8B5B4F81 /* Pods-ImpulsivityOhmageTests.debug.xcconfig */,
				3B3065FC7C4F4B513C49DFEB /* Pods-ImpulsivityOhmageTests.release.xcconfig */,
			);
			name = Pods;
			sourceTree = "<group>";
		};
/* End PBXGroup section */

/* Begin PBXNativeTarget section */
		E2C9AEB41E3AFC8400E9F871 /* ImpulsivityOhmage */ = {
			isa = PBXNativeTarget;
			buildConfigurationList = E2C9AED21E3AFC8400E9F871 /* Build configuration list for PBXNativeTarget "ImpulsivityOhmage" */;
			buildPhases = (
				D860EAF1FCC42F46ABECB321 /* [CP] Check Pods Manifest.lock */,
				E2C9AEB11E3AFC8400E9F871 /* Sources */,
				E2C9AEB21E3AFC8400E9F871 /* Frameworks */,
				E2C9AEB31E3AFC8400E9F871 /* Resources */,
				C28B985668D4BE0D36E7A24A /* [CP] Embed Pods Frameworks */,
				46220C34CED546D9888F34B0 /* [CP] Copy Pods Resources */,
			);
			buildRules = (
			);
			dependencies = (
			);
			name = ImpulsivityOhmage;
			productName = ImpulsivityOhmage;
			productReference = E2C9AEB51E3AFC8400E9F871 /* ImpulsivityOhmage.app */;
			productType = "com.apple.product-type.application";
		};
		E2C9AEC81E3AFC8400E9F871 /* ImpulsivityOhmageTests */ = {
			isa = PBXNativeTarget;
			buildConfigurationList = E2C9AED51E3AFC8400E9F871 /* Build configuration list for PBXNativeTarget "ImpulsivityOhmageTests" */;
			buildPhases = (
				DBE7D353D26955B379991175 /* [CP] Check Pods Manifest.lock */,
				E2C9AEC51E3AFC8400E9F871 /* Sources */,
				E2C9AEC61E3AFC8400E9F871 /* Frameworks */,
				E2C9AEC71E3AFC8400E9F871 /* Resources */,
				A01FB05AAC9BDCAAE90E702E /* [CP] Embed Pods Frameworks */,
				B76F0F4BF354AF959D592324 /* [CP] Copy Pods Resources */,
			);
			buildRules = (
			);
			dependencies = (
				E2C9AECB1E3AFC8400E9F871 /* PBXTargetDependency */,
			);
			name = ImpulsivityOhmageTests;
			productName = ImpulsivityOhmageTests;
			productReference = E2C9AEC91E3AFC8400E9F871 /* ImpulsivityOhmageTests.xctest */;
			productType = "com.apple.product-type.bundle.unit-test";
		};
/* End PBXNativeTarget section */

/* Begin PBXProject section */
		E2C9AEAD1E3AFC8400E9F871 /* Project object */ = {
			isa = PBXProject;
			attributes = {
				LastSwiftUpdateCheck = 0820;
				LastUpgradeCheck = 0820;
				ORGANIZATIONNAME = "Foundry @ Cornell Tech";
				TargetAttributes = {
					E2C9AEB41E3AFC8400E9F871 = {
						CreatedOnToolsVersion = 8.2.1;
						DevelopmentTeam = AA753846B2;
						ProvisioningStyle = Automatic;
					};
					E2C9AEC81E3AFC8400E9F871 = {
						CreatedOnToolsVersion = 8.2.1;
						DevelopmentTeam = AA753846B2;
						ProvisioningStyle = Automatic;
						TestTargetID = E2C9AEB41E3AFC8400E9F871;
					};
				};
			};
			buildConfigurationList = E2C9AEB01E3AFC8400E9F871 /* Build configuration list for PBXProject "ImpulsivityOhmage" */;
			compatibilityVersion = "Xcode 3.2";
			developmentRegion = English;
			hasScannedForEncodings = 0;
			knownRegions = (
				en,
				Base,
			);
			mainGroup = E2C9AEAC1E3AFC8400E9F871;
			productRefGroup = E2C9AEB61E3AFC8400E9F871 /* Products */;
			projectDirPath = "";
			projectRoot = "";
			targets = (
				E2C9AEB41E3AFC8400E9F871 /* ImpulsivityOhmage */,
				E2C9AEC81E3AFC8400E9F871 /* ImpulsivityOhmageTests */,
			);
		};
/* End PBXProject section */

/* Begin PBXResourcesBuildPhase section */
		E2C9AEB31E3AFC8400E9F871 /* Resources */ = {
			isa = PBXResourcesBuildPhase;
			buildActionMask = 2147483647;
			files = (
				E2C9AEDA1E3AFF8700E9F871 /* OMHClient.plist in Resources */,
				E2021BF41E3E68AC005B7E07 /* Onboarding.storyboard in Resources */,
				E20D5C471E5FCD74006655E8 /* RSSimonSaysStepViewController.xib in Resources */,
				E2A9D5701E3EBE8D000B4626 /* dd_time_1_month_short_task.json in Resources */,
				E2A9D5631E3EB4FD000B4626 /* activities.json in Resources */,
				E2266F761E521F1700169E85 /* baseline.json in Resources */,
				E2A9D56C1E3EBE8D000B4626 /* bart_25_cents_short_task.json in Resources */,
				E2208AEB1E4E8F170063D31F /* surveys.json in Resources */,
				E2A9D56F1E3EBE8D000B4626 /* dd_money_6_month_short_task.json in Resources */,
				E2C9AEC31E3AFC8400E9F871 /* LaunchScreen.storyboard in Resources */,
				E2A9D5651E3EB4FD000B4626 /* go_no_go_variable_stimulus_short_task.json in Resources */,
				E2208AE91E4E8D4D0063D31F /* demographics.json in Resources */,
				E2C9AEC01E3AFC8400E9F871 /* Assets.xcassets in Resources */,
				E218C8B31E4FD5CC00DBA342 /* appConfig.json in Resources */,
				E2266F751E521F1700169E85 /* baseline-DD.json in Resources */,
				E2A9D5641E3EB4FD000B4626 /* go_no_go_stable_stimulus_short_task.json in Resources */,
				E2A9D5711E3EBE8D000B4626 /* dd_time_6_month_short_task.json in Resources */,
				E208AB4A1E50E766003CE02B /* morning_notification.json in Resources */,
				E208AB481E50E6F5003CE02B /* settings_test.json in Resources */,
				E2A9D56D1E3EBE8D000B4626 /* bart_250_dollars_short_task.json in Resources */,
				E2C9AEBE1E3AFC8400E9F871 /* Main.storyboard in Resources */,
				E2A9D56E1E3EBE8D000B4626 /* dd_money_1_month_short_task.json in Resources */,
			);
			runOnlyForDeploymentPostprocessing = 0;
		};
		E2C9AEC71E3AFC8400E9F871 /* Resources */ = {
			isa = PBXResourcesBuildPhase;
			buildActionMask = 2147483647;
			files = (
			);
			runOnlyForDeploymentPostprocessing = 0;
		};
/* End PBXResourcesBuildPhase section */

/* Begin PBXShellScriptBuildPhase section */
		46220C34CED546D9888F34B0 /* [CP] Copy Pods Resources */ = {
			isa = PBXShellScriptBuildPhase;
			buildActionMask = 2147483647;
			files = (
			);
			inputPaths = (
			);
			name = "[CP] Copy Pods Resources";
			outputPaths = (
			);
			runOnlyForDeploymentPostprocessing = 0;
			shellPath = /bin/sh;
			shellScript = "\"${SRCROOT}/Pods/Target Support Files/Pods-ImpulsivityOhmage/Pods-ImpulsivityOhmage-resources.sh\"\n";
			showEnvVarsInLog = 0;
		};
		A01FB05AAC9BDCAAE90E702E /* [CP] Embed Pods Frameworks */ = {
			isa = PBXShellScriptBuildPhase;
			buildActionMask = 2147483647;
			files = (
			);
			inputPaths = (
			);
			name = "[CP] Embed Pods Frameworks";
			outputPaths = (
			);
			runOnlyForDeploymentPostprocessing = 0;
			shellPath = /bin/sh;
			shellScript = "\"${SRCROOT}/Pods/Target Support Files/Pods-ImpulsivityOhmageTests/Pods-ImpulsivityOhmageTests-frameworks.sh\"\n";
			showEnvVarsInLog = 0;
		};
		B76F0F4BF354AF959D592324 /* [CP] Copy Pods Resources */ = {
			isa = PBXShellScriptBuildPhase;
			buildActionMask = 2147483647;
			files = (
			);
			inputPaths = (
			);
			name = "[CP] Copy Pods Resources";
			outputPaths = (
			);
			runOnlyForDeploymentPostprocessing = 0;
			shellPath = /bin/sh;
			shellScript = "\"${SRCROOT}/Pods/Target Support Files/Pods-ImpulsivityOhmageTests/Pods-ImpulsivityOhmageTests-resources.sh\"\n";
			showEnvVarsInLog = 0;
		};
		C28B985668D4BE0D36E7A24A /* [CP] Embed Pods Frameworks */ = {
			isa = PBXShellScriptBuildPhase;
			buildActionMask = 2147483647;
			files = (
			);
			inputPaths = (
			);
			name = "[CP] Embed Pods Frameworks";
			outputPaths = (
			);
			runOnlyForDeploymentPostprocessing = 0;
			shellPath = /bin/sh;
			shellScript = "\"${SRCROOT}/Pods/Target Support Files/Pods-ImpulsivityOhmage/Pods-ImpulsivityOhmage-frameworks.sh\"\n";
			showEnvVarsInLog = 0;
		};
		D860EAF1FCC42F46ABECB321 /* [CP] Check Pods Manifest.lock */ = {
			isa = PBXShellScriptBuildPhase;
			buildActionMask = 2147483647;
			files = (
			);
			inputPaths = (
			);
			name = "[CP] Check Pods Manifest.lock";
			outputPaths = (
			);
			runOnlyForDeploymentPostprocessing = 0;
			shellPath = /bin/sh;
			shellScript = "diff \"${PODS_ROOT}/../Podfile.lock\" \"${PODS_ROOT}/Manifest.lock\" > /dev/null\nif [ $? != 0 ] ; then\n    # print error to STDERR\n    echo \"error: The sandbox is not in sync with the Podfile.lock. Run 'pod install' or update your CocoaPods installation.\" >&2\n    exit 1\nfi\n";
			showEnvVarsInLog = 0;
		};
		DBE7D353D26955B379991175 /* [CP] Check Pods Manifest.lock */ = {
			isa = PBXShellScriptBuildPhase;
			buildActionMask = 2147483647;
			files = (
			);
			inputPaths = (
			);
			name = "[CP] Check Pods Manifest.lock";
			outputPaths = (
			);
			runOnlyForDeploymentPostprocessing = 0;
			shellPath = /bin/sh;
			shellScript = "diff \"${PODS_ROOT}/../Podfile.lock\" \"${PODS_ROOT}/Manifest.lock\" > /dev/null\nif [ $? != 0 ] ; then\n    # print error to STDERR\n    echo \"error: The sandbox is not in sync with the Podfile.lock. Run 'pod install' or update your CocoaPods installation.\" >&2\n    exit 1\nfi\n";
			showEnvVarsInLog = 0;
		};
/* End PBXShellScriptBuildPhase section */

/* Begin PBXSourcesBuildPhase section */
		E2C9AEB11E3AFC8400E9F871 /* Sources */ = {
			isa = PBXSourcesBuildPhase;
			buildActionMask = 2147483647;
			files = (
				E20D5C4C1E5FCF66006655E8 /* RSSimonSaysTrialResult.swift in Sources */,
				E20D5C3F1E5FC456006655E8 /* RSSimonSaysStepDescriptor.swift in Sources */,
				E2021BFC1E3E6B23005B7E07 /* CTFTaskBuilderManager.swift in Sources */,
				E2A9D54F1E3E9AE7000B4626 /* ConsentStepGenerator.swift in Sources */,
				E208AB551E50FCCA003CE02B /* CTFActionProcessor.swift in Sources */,
				E218C8AD1E4FCE9800DBA342 /* CTFTabBarController.swift in Sources */,
				E2021BFE1E3E6ED6005B7E07 /* ImpulsivityConsentSample.swift in Sources */,
				E20D5C521E608313006655E8 /* RSSimonToneGenerator.swift in Sources */,
				E2A9D55F1E3EB06E000B4626 /* CTFSchedule.swift in Sources */,
				E2C9AEE71E3B052300E9F871 /* LogManager.swift in Sources */,
				E2208B001E4F83E50063D31F /* DemographicsResultTransformer.swift in Sources */,
				E20D5C501E607BC4006655E8 /* RSSimonSaysGestureRecognizer.swift in Sources */,
				E2021BF81E3E698E005B7E07 /* CTFSettingsViewController.swift in Sources */,
				E2021BF61E3E6983005B7E07 /* CTFActivitiesViewController.swift in Sources */,
				E218C8B11E4FD06D00DBA342 /* CTFAppConfig.swift in Sources */,
				E2208AFE1E4F83C90063D31F /* DemographicsResult.swift in Sources */,
				E208AB571E50FCF6003CE02B /* CTFActionCreator.swift in Sources */,
				E2208AF51E4E9DBA0063D31F /* CTFMultipleChoice.swift in Sources */,
				E208AB501E50EDCC003CE02B /* CTFElementListWithBindingGenerator.swift in Sources */,
				E2C9AEDC1E3B021800E9F871 /* OhmageCredentialStore.swift in Sources */,
				E218C8B71E4FDEB400DBA342 /* CTFTaskViewController.swift in Sources */,
				E2021C001E3E8F3D005B7E07 /* CTFAppState.swift in Sources */,
				E208AB531E50FBE5003CE02B /* CTFActionDescriptor.swift in Sources */,
				E2A9D55D1E3EAE84000B4626 /* CTFScheduleItem.swift in Sources */,
				E208AB4C1E50E873003CE02B /* CTFTimePickerStepGenerator.swift in Sources */,
				E2208AF31E4E9CF20063D31F /* Extensions.swift in Sources */,
				E20D5C461E5FCD74006655E8 /* RSSimonSaysStepViewController.swift in Sources */,
				E20D5C4A1E5FCEA9006655E8 /* RSSimonSaysTrial.swift in Sources */,
				E2C9AEB91E3AFC8400E9F871 /* AppDelegate.swift in Sources */,
				E208AB4E1E50EBF7003CE02B /* CTFElementListWithBindingDescriptor.swift in Sources */,
				E208AB591E50FEF5003CE02B /* CTFReduxStoreManager.swift in Sources */,
				E20D5C411E5FC577006655E8 /* RSSimonSaysStepGenerator.swift in Sources */,
				E208AB5B1E510096003CE02B /* CTFActivityRun.swift in Sources */,
				E2208B021E4F8C360063D31F /* DemographicsResult+OMHDatapoint.swift in Sources */,
				E20D5C4E1E5FD051006655E8 /* RSSimonSaysResult.swift in Sources */,
				E218C8AF1E4FCFE400DBA342 /* CTFAppConfigPage.swift in Sources */,
				E2A89A431E4E4B60003EF895 /* CTFResultsProcessorManager.swift in Sources */,
				E2208AF11E4E9C410063D31F /* CTFRandomMultipleChoice.swift in Sources */,
				E2021BFA1E3E69DA005B7E07 /* CTFOnboardingViewController.swift in Sources */,
				E20D5C431E5FCC3C006655E8 /* RSSimonSaysStep.swift in Sources */,
			);
			runOnlyForDeploymentPostprocessing = 0;
		};
		E2C9AEC51E3AFC8400E9F871 /* Sources */ = {
			isa = PBXSourcesBuildPhase;
			buildActionMask = 2147483647;
			files = (
				E2C9AECE1E3AFC8400E9F871 /* ImpulsivityOhmageTests.swift in Sources */,
			);
			runOnlyForDeploymentPostprocessing = 0;
		};
/* End PBXSourcesBuildPhase section */

/* Begin PBXTargetDependency section */
		E2C9AECB1E3AFC8400E9F871 /* PBXTargetDependency */ = {
			isa = PBXTargetDependency;
			target = E2C9AEB41E3AFC8400E9F871 /* ImpulsivityOhmage */;
			targetProxy = E2C9AECA1E3AFC8400E9F871 /* PBXContainerItemProxy */;
		};
/* End PBXTargetDependency section */

/* Begin PBXVariantGroup section */
		E2C9AEBC1E3AFC8400E9F871 /* Main.storyboard */ = {
			isa = PBXVariantGroup;
			children = (
				E2C9AEBD1E3AFC8400E9F871 /* Base */,
			);
			name = Main.storyboard;
			sourceTree = "<group>";
		};
		E2C9AEC11E3AFC8400E9F871 /* LaunchScreen.storyboard */ = {
			isa = PBXVariantGroup;
			children = (
				E2C9AEC21E3AFC8400E9F871 /* Base */,
			);
			name = LaunchScreen.storyboard;
			sourceTree = "<group>";
		};
/* End PBXVariantGroup section */

/* Begin XCBuildConfiguration section */
		E2C9AED01E3AFC8400E9F871 /* Debug */ = {
			isa = XCBuildConfiguration;
			buildSettings = {
				ALWAYS_SEARCH_USER_PATHS = NO;
				CLANG_ANALYZER_NONNULL = YES;
				CLANG_CXX_LANGUAGE_STANDARD = "gnu++0x";
				CLANG_CXX_LIBRARY = "libc++";
				CLANG_ENABLE_MODULES = YES;
				CLANG_ENABLE_OBJC_ARC = YES;
				CLANG_WARN_BOOL_CONVERSION = YES;
				CLANG_WARN_CONSTANT_CONVERSION = YES;
				CLANG_WARN_DIRECT_OBJC_ISA_USAGE = YES_ERROR;
				CLANG_WARN_DOCUMENTATION_COMMENTS = YES;
				CLANG_WARN_EMPTY_BODY = YES;
				CLANG_WARN_ENUM_CONVERSION = YES;
				CLANG_WARN_INFINITE_RECURSION = YES;
				CLANG_WARN_INT_CONVERSION = YES;
				CLANG_WARN_OBJC_ROOT_CLASS = YES_ERROR;
				CLANG_WARN_SUSPICIOUS_MOVE = YES;
				CLANG_WARN_UNREACHABLE_CODE = YES;
				CLANG_WARN__DUPLICATE_METHOD_MATCH = YES;
				"CODE_SIGN_IDENTITY[sdk=iphoneos*]" = "iPhone Developer";
				COPY_PHASE_STRIP = NO;
				DEBUG_INFORMATION_FORMAT = dwarf;
				ENABLE_STRICT_OBJC_MSGSEND = YES;
				ENABLE_TESTABILITY = YES;
				GCC_C_LANGUAGE_STANDARD = gnu99;
				GCC_DYNAMIC_NO_PIC = NO;
				GCC_NO_COMMON_BLOCKS = YES;
				GCC_OPTIMIZATION_LEVEL = 0;
				GCC_PREPROCESSOR_DEFINITIONS = (
					"DEBUG=1",
					"$(inherited)",
				);
				GCC_WARN_64_TO_32_BIT_CONVERSION = YES;
				GCC_WARN_ABOUT_RETURN_TYPE = YES_ERROR;
				GCC_WARN_UNDECLARED_SELECTOR = YES;
				GCC_WARN_UNINITIALIZED_AUTOS = YES_AGGRESSIVE;
				GCC_WARN_UNUSED_FUNCTION = YES;
				GCC_WARN_UNUSED_VARIABLE = YES;
				IPHONEOS_DEPLOYMENT_TARGET = 9.3;
				MTL_ENABLE_DEBUG_INFO = YES;
				ONLY_ACTIVE_ARCH = YES;
				SDKROOT = iphoneos;
				SWIFT_ACTIVE_COMPILATION_CONDITIONS = DEBUG;
				SWIFT_OPTIMIZATION_LEVEL = "-Onone";
			};
			name = Debug;
		};
		E2C9AED11E3AFC8400E9F871 /* Release */ = {
			isa = XCBuildConfiguration;
			buildSettings = {
				ALWAYS_SEARCH_USER_PATHS = NO;
				CLANG_ANALYZER_NONNULL = YES;
				CLANG_CXX_LANGUAGE_STANDARD = "gnu++0x";
				CLANG_CXX_LIBRARY = "libc++";
				CLANG_ENABLE_MODULES = YES;
				CLANG_ENABLE_OBJC_ARC = YES;
				CLANG_WARN_BOOL_CONVERSION = YES;
				CLANG_WARN_CONSTANT_CONVERSION = YES;
				CLANG_WARN_DIRECT_OBJC_ISA_USAGE = YES_ERROR;
				CLANG_WARN_DOCUMENTATION_COMMENTS = YES;
				CLANG_WARN_EMPTY_BODY = YES;
				CLANG_WARN_ENUM_CONVERSION = YES;
				CLANG_WARN_INFINITE_RECURSION = YES;
				CLANG_WARN_INT_CONVERSION = YES;
				CLANG_WARN_OBJC_ROOT_CLASS = YES_ERROR;
				CLANG_WARN_SUSPICIOUS_MOVE = YES;
				CLANG_WARN_UNREACHABLE_CODE = YES;
				CLANG_WARN__DUPLICATE_METHOD_MATCH = YES;
				"CODE_SIGN_IDENTITY[sdk=iphoneos*]" = "iPhone Developer";
				COPY_PHASE_STRIP = NO;
				DEBUG_INFORMATION_FORMAT = "dwarf-with-dsym";
				ENABLE_NS_ASSERTIONS = NO;
				ENABLE_STRICT_OBJC_MSGSEND = YES;
				GCC_C_LANGUAGE_STANDARD = gnu99;
				GCC_NO_COMMON_BLOCKS = YES;
				GCC_WARN_64_TO_32_BIT_CONVERSION = YES;
				GCC_WARN_ABOUT_RETURN_TYPE = YES_ERROR;
				GCC_WARN_UNDECLARED_SELECTOR = YES;
				GCC_WARN_UNINITIALIZED_AUTOS = YES_AGGRESSIVE;
				GCC_WARN_UNUSED_FUNCTION = YES;
				GCC_WARN_UNUSED_VARIABLE = YES;
				IPHONEOS_DEPLOYMENT_TARGET = 9.3;
				MTL_ENABLE_DEBUG_INFO = NO;
				SDKROOT = iphoneos;
				SWIFT_OPTIMIZATION_LEVEL = "-Owholemodule";
				VALIDATE_PRODUCT = YES;
			};
			name = Release;
		};
		E2C9AED31E3AFC8400E9F871 /* Debug */ = {
			isa = XCBuildConfiguration;
			baseConfigurationReference = 003D28DA32B58C63AF7ACC60 /* Pods-ImpulsivityOhmage.debug.xcconfig */;
			buildSettings = {
				ASSETCATALOG_COMPILER_APPICON_NAME = AppIcon;
				DEVELOPMENT_TEAM = AA753846B2;
				INFOPLIST_FILE = ImpulsivityOhmage/Info.plist;
				IPHONEOS_DEPLOYMENT_TARGET = 9.3;
				LD_RUNPATH_SEARCH_PATHS = "$(inherited) @executable_path/Frameworks";
				PRODUCT_BUNDLE_IDENTIFIER = edu.cornell.tech.foundry.ImpulsivityOhmage;
				PRODUCT_NAME = "$(TARGET_NAME)";
				SWIFT_VERSION = 3.0;
			};
			name = Debug;
		};
		E2C9AED41E3AFC8400E9F871 /* Release */ = {
			isa = XCBuildConfiguration;
			baseConfigurationReference = 77DCE47493A8854B49A7A57B /* Pods-ImpulsivityOhmage.release.xcconfig */;
			buildSettings = {
				ASSETCATALOG_COMPILER_APPICON_NAME = AppIcon;
				DEVELOPMENT_TEAM = AA753846B2;
				INFOPLIST_FILE = ImpulsivityOhmage/Info.plist;
				IPHONEOS_DEPLOYMENT_TARGET = 9.3;
				LD_RUNPATH_SEARCH_PATHS = "$(inherited) @executable_path/Frameworks";
				PRODUCT_BUNDLE_IDENTIFIER = edu.cornell.tech.foundry.ImpulsivityOhmage;
				PRODUCT_NAME = "$(TARGET_NAME)";
				SWIFT_VERSION = 3.0;
			};
			name = Release;
		};
		E2C9AED61E3AFC8400E9F871 /* Debug */ = {
			isa = XCBuildConfiguration;
			baseConfigurationReference = 71F0610AD9625BDF8B5B4F81 /* Pods-ImpulsivityOhmageTests.debug.xcconfig */;
			buildSettings = {
				ALWAYS_EMBED_SWIFT_STANDARD_LIBRARIES = YES;
				BUNDLE_LOADER = "$(TEST_HOST)";
				DEVELOPMENT_TEAM = AA753846B2;
				INFOPLIST_FILE = ImpulsivityOhmageTests/Info.plist;
				LD_RUNPATH_SEARCH_PATHS = "$(inherited) @executable_path/Frameworks @loader_path/Frameworks";
				PRODUCT_BUNDLE_IDENTIFIER = edu.cornell.tech.foundry.ImpulsivityOhmageTests;
				PRODUCT_NAME = "$(TARGET_NAME)";
				SWIFT_VERSION = 3.0;
				TEST_HOST = "$(BUILT_PRODUCTS_DIR)/ImpulsivityOhmage.app/ImpulsivityOhmage";
			};
			name = Debug;
		};
		E2C9AED71E3AFC8400E9F871 /* Release */ = {
			isa = XCBuildConfiguration;
			baseConfigurationReference = 3B3065FC7C4F4B513C49DFEB /* Pods-ImpulsivityOhmageTests.release.xcconfig */;
			buildSettings = {
				ALWAYS_EMBED_SWIFT_STANDARD_LIBRARIES = YES;
				BUNDLE_LOADER = "$(TEST_HOST)";
				DEVELOPMENT_TEAM = AA753846B2;
				INFOPLIST_FILE = ImpulsivityOhmageTests/Info.plist;
				LD_RUNPATH_SEARCH_PATHS = "$(inherited) @executable_path/Frameworks @loader_path/Frameworks";
				PRODUCT_BUNDLE_IDENTIFIER = edu.cornell.tech.foundry.ImpulsivityOhmageTests;
				PRODUCT_NAME = "$(TARGET_NAME)";
				SWIFT_VERSION = 3.0;
				TEST_HOST = "$(BUILT_PRODUCTS_DIR)/ImpulsivityOhmage.app/ImpulsivityOhmage";
			};
			name = Release;
		};
/* End XCBuildConfiguration section */

/* Begin XCConfigurationList section */
		E2C9AEB01E3AFC8400E9F871 /* Build configuration list for PBXProject "ImpulsivityOhmage" */ = {
			isa = XCConfigurationList;
			buildConfigurations = (
				E2C9AED01E3AFC8400E9F871 /* Debug */,
				E2C9AED11E3AFC8400E9F871 /* Release */,
			);
			defaultConfigurationIsVisible = 0;
			defaultConfigurationName = Release;
		};
		E2C9AED21E3AFC8400E9F871 /* Build configuration list for PBXNativeTarget "ImpulsivityOhmage" */ = {
			isa = XCConfigurationList;
			buildConfigurations = (
				E2C9AED31E3AFC8400E9F871 /* Debug */,
				E2C9AED41E3AFC8400E9F871 /* Release */,
			);
			defaultConfigurationIsVisible = 0;
			defaultConfigurationName = Release;
		};
		E2C9AED51E3AFC8400E9F871 /* Build configuration list for PBXNativeTarget "ImpulsivityOhmageTests" */ = {
			isa = XCConfigurationList;
			buildConfigurations = (
				E2C9AED61E3AFC8400E9F871 /* Debug */,
				E2C9AED71E3AFC8400E9F871 /* Release */,
			);
			defaultConfigurationIsVisible = 0;
			defaultConfigurationName = Release;
		};
/* End XCConfigurationList section */
	};
	rootObject = E2C9AEAD1E3AFC8400E9F871 /* Project object */;
}
